// !$*UTF8*$!
{
	archiveVersion = 1;
	classes = {
	};
	objectVersion = 50;
	objects = {

/* Begin PBXBuildFile section */
		C0874DB920AED633008EE603 /* AppDelegate.swift in Sources */ = {isa = PBXBuildFile; fileRef = C0874DB820AED633008EE603 /* AppDelegate.swift */; };
		C0874DBB20AED633008EE603 /* GameScene.sks in Resources */ = {isa = PBXBuildFile; fileRef = C0874DBA20AED633008EE603 /* GameScene.sks */; };
		C0874DBD20AED633008EE603 /* Actions.sks in Resources */ = {isa = PBXBuildFile; fileRef = C0874DBC20AED633008EE603 /* Actions.sks */; };
		C0874DBF20AED633008EE603 /* GameScene.swift in Sources */ = {isa = PBXBuildFile; fileRef = C0874DBE20AED633008EE603 /* GameScene.swift */; };
		C0874DC120AED633008EE603 /* ViewController.swift in Sources */ = {isa = PBXBuildFile; fileRef = C0874DC020AED633008EE603 /* ViewController.swift */; };
		C0874DC320AED635008EE603 /* Assets.xcassets in Resources */ = {isa = PBXBuildFile; fileRef = C0874DC220AED635008EE603 /* Assets.xcassets */; };
		C0874DC620AED635008EE603 /* Main.storyboard in Resources */ = {isa = PBXBuildFile; fileRef = C0874DC420AED635008EE603 /* Main.storyboard */; };
		C0874DD220AED635008EE603 /* WUR_installation_prototypeTests.swift in Sources */ = {isa = PBXBuildFile; fileRef = C0874DD120AED635008EE603 /* WUR_installation_prototypeTests.swift */; };
		C0874DDD20AED779008EE603 /* Statelet.swift in Sources */ = {isa = PBXBuildFile; fileRef = C0874DDC20AED779008EE603 /* Statelet.swift */; };
		C0874DDF20AEDAF3008EE603 /* State.swift in Sources */ = {isa = PBXBuildFile; fileRef = C0874DDE20AEDAF3008EE603 /* State.swift */; };
		C0874DE120AEE629008EE603 /* Port.swift in Sources */ = {isa = PBXBuildFile; fileRef = C0874DE020AEE629008EE603 /* Port.swift */; };
		C0874DE520AEED4B008EE603 /* Collection.swift in Sources */ = {isa = PBXBuildFile; fileRef = C0874DE420AEED4B008EE603 /* Collection.swift */; };
		C0874DE720AEED52008EE603 /* Array.swift in Sources */ = {isa = PBXBuildFile; fileRef = C0874DE620AEED52008EE603 /* Array.swift */; };
		C0874DEA20AF16CE008EE603 /* StateMutatable.swift in Sources */ = {isa = PBXBuildFile; fileRef = C0874DE920AF16CE008EE603 /* StateMutatable.swift */; };
		C0874DEC20AF1923008EE603 /* Float.swift in Sources */ = {isa = PBXBuildFile; fileRef = C0874DEB20AF1923008EE603 /* Float.swift */; };
		C0874DF120AF1CCD008EE603 /* Pixel.swift in Sources */ = {isa = PBXBuildFile; fileRef = C0874DF020AF1CCD008EE603 /* Pixel.swift */; };
		C0874DF320AF1CD4008EE603 /* Cell.swift in Sources */ = {isa = PBXBuildFile; fileRef = C0874DF220AF1CD4008EE603 /* Cell.swift */; };
		C0874DF520AF1E84008EE603 /* CellBuilder.swift in Sources */ = {isa = PBXBuildFile; fileRef = C0874DF420AF1E84008EE603 /* CellBuilder.swift */; };
		C0874DF720AF2344008EE603 /* NSColor.swift in Sources */ = {isa = PBXBuildFile; fileRef = C0874DF620AF2344008EE603 /* NSColor.swift */; };
		C0874DF920AF2C1A008EE603 /* InstallationScene.sks in Resources */ = {isa = PBXBuildFile; fileRef = C0874DF820AF2C1A008EE603 /* InstallationScene.sks */; };
		C0874DFB20AF2C8E008EE603 /* InstallationScene.swift in Sources */ = {isa = PBXBuildFile; fileRef = C0874DFA20AF2C8E008EE603 /* InstallationScene.swift */; };
/* End PBXBuildFile section */

/* Begin PBXContainerItemProxy section */
		C0874DCE20AED635008EE603 /* PBXContainerItemProxy */ = {
			isa = PBXContainerItemProxy;
			containerPortal = C0874DAD20AED633008EE603 /* Project object */;
			proxyType = 1;
			remoteGlobalIDString = C0874DB420AED633008EE603;
			remoteInfo = "WUR-installation-prototype";
		};
/* End PBXContainerItemProxy section */

/* Begin PBXFileReference section */
		C0874DB520AED633008EE603 /* WUR-installation-prototype.app */ = {isa = PBXFileReference; explicitFileType = wrapper.application; includeInIndex = 0; path = "WUR-installation-prototype.app"; sourceTree = BUILT_PRODUCTS_DIR; };
		C0874DB820AED633008EE603 /* AppDelegate.swift */ = {isa = PBXFileReference; lastKnownFileType = sourcecode.swift; path = AppDelegate.swift; sourceTree = "<group>"; };
		C0874DBA20AED633008EE603 /* GameScene.sks */ = {isa = PBXFileReference; lastKnownFileType = file.sks; path = GameScene.sks; sourceTree = "<group>"; };
		C0874DBC20AED633008EE603 /* Actions.sks */ = {isa = PBXFileReference; lastKnownFileType = file.sks; path = Actions.sks; sourceTree = "<group>"; };
		C0874DBE20AED633008EE603 /* GameScene.swift */ = {isa = PBXFileReference; lastKnownFileType = sourcecode.swift; path = GameScene.swift; sourceTree = "<group>"; };
		C0874DC020AED633008EE603 /* ViewController.swift */ = {isa = PBXFileReference; lastKnownFileType = sourcecode.swift; path = ViewController.swift; sourceTree = "<group>"; };
		C0874DC220AED635008EE603 /* Assets.xcassets */ = {isa = PBXFileReference; lastKnownFileType = folder.assetcatalog; path = Assets.xcassets; sourceTree = "<group>"; };
		C0874DC520AED635008EE603 /* Base */ = {isa = PBXFileReference; lastKnownFileType = file.storyboard; name = Base; path = Base.lproj/Main.storyboard; sourceTree = "<group>"; };
		C0874DC720AED635008EE603 /* Info.plist */ = {isa = PBXFileReference; lastKnownFileType = text.plist.xml; path = Info.plist; sourceTree = "<group>"; };
		C0874DC820AED635008EE603 /* WUR_installation_prototype.entitlements */ = {isa = PBXFileReference; lastKnownFileType = text.plist.entitlements; path = WUR_installation_prototype.entitlements; sourceTree = "<group>"; };
		C0874DCD20AED635008EE603 /* WUR-installation-prototypeTests.xctest */ = {isa = PBXFileReference; explicitFileType = wrapper.cfbundle; includeInIndex = 0; path = "WUR-installation-prototypeTests.xctest"; sourceTree = BUILT_PRODUCTS_DIR; };
		C0874DD120AED635008EE603 /* WUR_installation_prototypeTests.swift */ = {isa = PBXFileReference; lastKnownFileType = sourcecode.swift; path = WUR_installation_prototypeTests.swift; sourceTree = "<group>"; };
		C0874DD320AED635008EE603 /* Info.plist */ = {isa = PBXFileReference; lastKnownFileType = text.plist.xml; path = Info.plist; sourceTree = "<group>"; };
		C0874DDC20AED779008EE603 /* Statelet.swift */ = {isa = PBXFileReference; lastKnownFileType = sourcecode.swift; path = Statelet.swift; sourceTree = "<group>"; };
		C0874DDE20AEDAF3008EE603 /* State.swift */ = {isa = PBXFileReference; lastKnownFileType = sourcecode.swift; path = State.swift; sourceTree = "<group>"; };
		C0874DE020AEE629008EE603 /* Port.swift */ = {isa = PBXFileReference; lastKnownFileType = sourcecode.swift; path = Port.swift; sourceTree = "<group>"; };
		C0874DE420AEED4B008EE603 /* Collection.swift */ = {isa = PBXFileReference; fileEncoding = 4; lastKnownFileType = sourcecode.swift; path = Collection.swift; sourceTree = "<group>"; };
		C0874DE620AEED52008EE603 /* Array.swift */ = {isa = PBXFileReference; fileEncoding = 4; lastKnownFileType = sourcecode.swift; path = Array.swift; sourceTree = "<group>"; };
		C0874DE920AF16CE008EE603 /* StateMutatable.swift */ = {isa = PBXFileReference; lastKnownFileType = sourcecode.swift; path = StateMutatable.swift; sourceTree = "<group>"; };
		C0874DEB20AF1923008EE603 /* Float.swift */ = {isa = PBXFileReference; lastKnownFileType = sourcecode.swift; path = Float.swift; sourceTree = "<group>"; };
		C0874DF020AF1CCD008EE603 /* Pixel.swift */ = {isa = PBXFileReference; lastKnownFileType = sourcecode.swift; path = Pixel.swift; sourceTree = "<group>"; };
		C0874DF220AF1CD4008EE603 /* Cell.swift */ = {isa = PBXFileReference; lastKnownFileType = sourcecode.swift; path = Cell.swift; sourceTree = "<group>"; };
		C0874DF420AF1E84008EE603 /* CellBuilder.swift */ = {isa = PBXFileReference; lastKnownFileType = sourcecode.swift; path = CellBuilder.swift; sourceTree = "<group>"; };
		C0874DF620AF2344008EE603 /* NSColor.swift */ = {isa = PBXFileReference; lastKnownFileType = sourcecode.swift; path = NSColor.swift; sourceTree = "<group>"; };
		C0874DF820AF2C1A008EE603 /* InstallationScene.sks */ = {isa = PBXFileReference; lastKnownFileType = file.sks; path = InstallationScene.sks; sourceTree = "<group>"; };
		C0874DFA20AF2C8E008EE603 /* InstallationScene.swift */ = {isa = PBXFileReference; lastKnownFileType = sourcecode.swift; path = InstallationScene.swift; sourceTree = "<group>"; };
/* End PBXFileReference section */

/* Begin PBXFrameworksBuildPhase section */
		C0874DB220AED633008EE603 /* Frameworks */ = {
			isa = PBXFrameworksBuildPhase;
			buildActionMask = 2147483647;
			files = (
			);
			runOnlyForDeploymentPostprocessing = 0;
		};
		C0874DCA20AED635008EE603 /* Frameworks */ = {
			isa = PBXFrameworksBuildPhase;
			buildActionMask = 2147483647;
			files = (
			);
			runOnlyForDeploymentPostprocessing = 0;
		};
/* End PBXFrameworksBuildPhase section */

/* Begin PBXGroup section */
		C0874DAC20AED633008EE603 = {
			isa = PBXGroup;
			children = (
				C0874DB720AED633008EE603 /* WUR-installation-prototype */,
				C0874DD020AED635008EE603 /* WUR-installation-prototypeTests */,
				C0874DB620AED633008EE603 /* Products */,
			);
			sourceTree = "<group>";
		};
		C0874DB620AED633008EE603 /* Products */ = {
			isa = PBXGroup;
			children = (
				C0874DB520AED633008EE603 /* WUR-installation-prototype.app */,
				C0874DCD20AED635008EE603 /* WUR-installation-prototypeTests.xctest */,
			);
			name = Products;
			sourceTree = "<group>";
		};
		C0874DB720AED633008EE603 /* WUR-installation-prototype */ = {
			isa = PBXGroup;
			children = (
				C0874DB820AED633008EE603 /* AppDelegate.swift */,
				C0874DC020AED633008EE603 /* ViewController.swift */,
				C0874DBA20AED633008EE603 /* GameScene.sks */,
				C0874DBC20AED633008EE603 /* Actions.sks */,
				C0874DBE20AED633008EE603 /* GameScene.swift */,
				C0874DF820AF2C1A008EE603 /* InstallationScene.sks */,
				C0874DFA20AF2C8E008EE603 /* InstallationScene.swift */,
				C0874DEF20AF1C93008EE603 /* Display */,
				C0874DED20AF1C7B008EE603 /* State */,
				C0874DEE20AF1C84008EE603 /* Mesh */,
				C0874DE820AEED9A008EE603 /* Common */,
				C0874DC220AED635008EE603 /* Assets.xcassets */,
				C0874DC420AED635008EE603 /* Main.storyboard */,
				C0874DC720AED635008EE603 /* Info.plist */,
				C0874DC820AED635008EE603 /* WUR_installation_prototype.entitlements */,
			);
			path = "WUR-installation-prototype";
			sourceTree = "<group>";
		};
		C0874DD020AED635008EE603 /* WUR-installation-prototypeTests */ = {
			isa = PBXGroup;
			children = (
				C0874DD120AED635008EE603 /* WUR_installation_prototypeTests.swift */,
				C0874DD320AED635008EE603 /* Info.plist */,
			);
			path = "WUR-installation-prototypeTests";
			sourceTree = "<group>";
		};
		C0874DE820AEED9A008EE603 /* Common */ = {
			isa = PBXGroup;
			children = (
				C0874DE620AEED52008EE603 /* Array.swift */,
				C0874DE420AEED4B008EE603 /* Collection.swift */,
				C0874DEB20AF1923008EE603 /* Float.swift */,
				C0874DF620AF2344008EE603 /* NSColor.swift */,
			);
			path = Common;
			sourceTree = "<group>";
		};
		C0874DED20AF1C7B008EE603 /* State */ = {
			isa = PBXGroup;
			children = (
				C0874DDC20AED779008EE603 /* Statelet.swift */,
				C0874DDE20AEDAF3008EE603 /* State.swift */,
			);
			path = State;
			sourceTree = "<group>";
		};
		C0874DEE20AF1C84008EE603 /* Mesh */ = {
			isa = PBXGroup;
			children = (
				C0874DE020AEE629008EE603 /* Port.swift */,
				C0874DE920AF16CE008EE603 /* StateMutatable.swift */,
			);
			path = Mesh;
			sourceTree = "<group>";
		};
		C0874DEF20AF1C93008EE603 /* Display */ = {
			isa = PBXGroup;
			children = (
				C0874DF020AF1CCD008EE603 /* Pixel.swift */,
				C0874DF220AF1CD4008EE603 /* Cell.swift */,
				C0874DF420AF1E84008EE603 /* CellBuilder.swift */,
			);
			path = Display;
			sourceTree = "<group>";
		};
/* End PBXGroup section */

/* Begin PBXNativeTarget section */
		C0874DB420AED633008EE603 /* WUR-installation-prototype */ = {
			isa = PBXNativeTarget;
			buildConfigurationList = C0874DD620AED635008EE603 /* Build configuration list for PBXNativeTarget "WUR-installation-prototype" */;
			buildPhases = (
				C0874DB120AED633008EE603 /* Sources */,
				C0874DB220AED633008EE603 /* Frameworks */,
				C0874DB320AED633008EE603 /* Resources */,
			);
			buildRules = (
			);
			dependencies = (
			);
			name = "WUR-installation-prototype";
			productName = "WUR-installation-prototype";
			productReference = C0874DB520AED633008EE603 /* WUR-installation-prototype.app */;
			productType = "com.apple.product-type.application";
		};
		C0874DCC20AED635008EE603 /* WUR-installation-prototypeTests */ = {
			isa = PBXNativeTarget;
			buildConfigurationList = C0874DD920AED635008EE603 /* Build configuration list for PBXNativeTarget "WUR-installation-prototypeTests" */;
			buildPhases = (
				C0874DC920AED635008EE603 /* Sources */,
				C0874DCA20AED635008EE603 /* Frameworks */,
				C0874DCB20AED635008EE603 /* Resources */,
			);
			buildRules = (
			);
			dependencies = (
				C0874DCF20AED635008EE603 /* PBXTargetDependency */,
			);
			name = "WUR-installation-prototypeTests";
			productName = "WUR-installation-prototypeTests";
			productReference = C0874DCD20AED635008EE603 /* WUR-installation-prototypeTests.xctest */;
			productType = "com.apple.product-type.bundle.unit-test";
		};
/* End PBXNativeTarget section */

/* Begin PBXProject section */
		C0874DAD20AED633008EE603 /* Project object */ = {
			isa = PBXProject;
			attributes = {
				LastSwiftUpdateCheck = 0930;
				LastUpgradeCheck = 0930;
				ORGANIZATIONNAME = "Charlie Williams";
				TargetAttributes = {
					C0874DB420AED633008EE603 = {
						CreatedOnToolsVersion = 9.3.1;
					};
					C0874DCC20AED635008EE603 = {
						CreatedOnToolsVersion = 9.3.1;
						TestTargetID = C0874DB420AED633008EE603;
					};
				};
			};
			buildConfigurationList = C0874DB020AED633008EE603 /* Build configuration list for PBXProject "WUR-installation-prototype" */;
			compatibilityVersion = "Xcode 9.3";
			developmentRegion = en;
			hasScannedForEncodings = 0;
			knownRegions = (
				en,
				Base,
			);
			mainGroup = C0874DAC20AED633008EE603;
			productRefGroup = C0874DB620AED633008EE603 /* Products */;
			projectDirPath = "";
			projectRoot = "";
			targets = (
				C0874DB420AED633008EE603 /* WUR-installation-prototype */,
				C0874DCC20AED635008EE603 /* WUR-installation-prototypeTests */,
			);
		};
/* End PBXProject section */

/* Begin PBXResourcesBuildPhase section */
		C0874DB320AED633008EE603 /* Resources */ = {
			isa = PBXResourcesBuildPhase;
			buildActionMask = 2147483647;
			files = (
				C0874DF920AF2C1A008EE603 /* InstallationScene.sks in Resources */,
				C0874DBB20AED633008EE603 /* GameScene.sks in Resources */,
				C0874DC320AED635008EE603 /* Assets.xcassets in Resources */,
				C0874DBD20AED633008EE603 /* Actions.sks in Resources */,
				C0874DC620AED635008EE603 /* Main.storyboard in Resources */,
			);
			runOnlyForDeploymentPostprocessing = 0;
		};
		C0874DCB20AED635008EE603 /* Resources */ = {
			isa = PBXResourcesBuildPhase;
			buildActionMask = 2147483647;
			files = (
			);
			runOnlyForDeploymentPostprocessing = 0;
		};
/* End PBXResourcesBuildPhase section */

/* Begin PBXSourcesBuildPhase section */
		C0874DB120AED633008EE603 /* Sources */ = {
			isa = PBXSourcesBuildPhase;
			buildActionMask = 2147483647;
			files = (
				C0874DEC20AF1923008EE603 /* Float.swift in Sources */,
				C0874DF720AF2344008EE603 /* NSColor.swift in Sources */,
				C0874DFB20AF2C8E008EE603 /* InstallationScene.swift in Sources */,
				C0874DE720AEED52008EE603 /* Array.swift in Sources */,
				C0874DE120AEE629008EE603 /* Port.swift in Sources */,
				C0874DF120AF1CCD008EE603 /* Pixel.swift in Sources */,
				C0874DF520AF1E84008EE603 /* CellBuilder.swift in Sources */,
				C0874DF320AF1CD4008EE603 /* Cell.swift in Sources */,
				C0874DC120AED633008EE603 /* ViewController.swift in Sources */,
				C0874DBF20AED633008EE603 /* GameScene.swift in Sources */,
				C0874DB920AED633008EE603 /* AppDelegate.swift in Sources */,
				C0874DDF20AEDAF3008EE603 /* State.swift in Sources */,
				C0874DEA20AF16CE008EE603 /* StateMutatable.swift in Sources */,
				C0874DDD20AED779008EE603 /* Statelet.swift in Sources */,
				C0874DE520AEED4B008EE603 /* Collection.swift in Sources */,
			);
			runOnlyForDeploymentPostprocessing = 0;
		};
		C0874DC920AED635008EE603 /* Sources */ = {
			isa = PBXSourcesBuildPhase;
			buildActionMask = 2147483647;
			files = (
				C0874DD220AED635008EE603 /* WUR_installation_prototypeTests.swift in Sources */,
			);
			runOnlyForDeploymentPostprocessing = 0;
		};
/* End PBXSourcesBuildPhase section */

/* Begin PBXTargetDependency section */
		C0874DCF20AED635008EE603 /* PBXTargetDependency */ = {
			isa = PBXTargetDependency;
			target = C0874DB420AED633008EE603 /* WUR-installation-prototype */;
			targetProxy = C0874DCE20AED635008EE603 /* PBXContainerItemProxy */;
		};
/* End PBXTargetDependency section */

/* Begin PBXVariantGroup section */
		C0874DC420AED635008EE603 /* Main.storyboard */ = {
			isa = PBXVariantGroup;
			children = (
				C0874DC520AED635008EE603 /* Base */,
			);
			name = Main.storyboard;
			sourceTree = "<group>";
		};
/* End PBXVariantGroup section */

/* Begin XCBuildConfiguration section */
		C0874DD420AED635008EE603 /* Debug */ = {
			isa = XCBuildConfiguration;
			buildSettings = {
				ALWAYS_SEARCH_USER_PATHS = NO;
				CLANG_ANALYZER_NONNULL = YES;
				CLANG_ANALYZER_NUMBER_OBJECT_CONVERSION = YES_AGGRESSIVE;
				CLANG_CXX_LANGUAGE_STANDARD = "gnu++14";
				CLANG_CXX_LIBRARY = "libc++";
				CLANG_ENABLE_MODULES = YES;
				CLANG_ENABLE_OBJC_ARC = YES;
				CLANG_ENABLE_OBJC_WEAK = YES;
				CLANG_WARN_BLOCK_CAPTURE_AUTORELEASING = YES;
				CLANG_WARN_BOOL_CONVERSION = YES;
				CLANG_WARN_COMMA = YES;
				CLANG_WARN_CONSTANT_CONVERSION = YES;
				CLANG_WARN_DEPRECATED_OBJC_IMPLEMENTATIONS = YES;
				CLANG_WARN_DIRECT_OBJC_ISA_USAGE = YES_ERROR;
				CLANG_WARN_DOCUMENTATION_COMMENTS = YES;
				CLANG_WARN_EMPTY_BODY = YES;
				CLANG_WARN_ENUM_CONVERSION = YES;
				CLANG_WARN_INFINITE_RECURSION = YES;
				CLANG_WARN_INT_CONVERSION = YES;
				CLANG_WARN_NON_LITERAL_NULL_CONVERSION = YES;
				CLANG_WARN_OBJC_IMPLICIT_RETAIN_SELF = YES;
				CLANG_WARN_OBJC_LITERAL_CONVERSION = YES;
				CLANG_WARN_OBJC_ROOT_CLASS = YES_ERROR;
				CLANG_WARN_RANGE_LOOP_ANALYSIS = YES;
				CLANG_WARN_STRICT_PROTOTYPES = YES;
				CLANG_WARN_SUSPICIOUS_MOVE = YES;
				CLANG_WARN_UNGUARDED_AVAILABILITY = YES_AGGRESSIVE;
				CLANG_WARN_UNREACHABLE_CODE = YES;
				CLANG_WARN__DUPLICATE_METHOD_MATCH = YES;
				CODE_SIGN_IDENTITY = "Mac Developer";
				COPY_PHASE_STRIP = NO;
				DEBUG_INFORMATION_FORMAT = dwarf;
				ENABLE_STRICT_OBJC_MSGSEND = YES;
				ENABLE_TESTABILITY = YES;
				GCC_C_LANGUAGE_STANDARD = gnu11;
				GCC_DYNAMIC_NO_PIC = NO;
				GCC_NO_COMMON_BLOCKS = YES;
				GCC_OPTIMIZATION_LEVEL = 0;
				GCC_PREPROCESSOR_DEFINITIONS = (
					"DEBUG=1",
					"$(inherited)",
				);
				GCC_WARN_64_TO_32_BIT_CONVERSION = YES;
				GCC_WARN_ABOUT_RETURN_TYPE = YES_ERROR;
				GCC_WARN_UNDECLARED_SELECTOR = YES;
				GCC_WARN_UNINITIALIZED_AUTOS = YES_AGGRESSIVE;
				GCC_WARN_UNUSED_FUNCTION = YES;
				GCC_WARN_UNUSED_VARIABLE = YES;
				MACOSX_DEPLOYMENT_TARGET = 10.13;
				MTL_ENABLE_DEBUG_INFO = YES;
				ONLY_ACTIVE_ARCH = YES;
				SDKROOT = macosx;
				SWIFT_ACTIVE_COMPILATION_CONDITIONS = DEBUG;
				SWIFT_OPTIMIZATION_LEVEL = "-Onone";
			};
			name = Debug;
		};
		C0874DD520AED635008EE603 /* Release */ = {
			isa = XCBuildConfiguration;
			buildSettings = {
				ALWAYS_SEARCH_USER_PATHS = NO;
				CLANG_ANALYZER_NONNULL = YES;
				CLANG_ANALYZER_NUMBER_OBJECT_CONVERSION = YES_AGGRESSIVE;
				CLANG_CXX_LANGUAGE_STANDARD = "gnu++14";
				CLANG_CXX_LIBRARY = "libc++";
				CLANG_ENABLE_MODULES = YES;
				CLANG_ENABLE_OBJC_ARC = YES;
				CLANG_ENABLE_OBJC_WEAK = YES;
				CLANG_WARN_BLOCK_CAPTURE_AUTORELEASING = YES;
				CLANG_WARN_BOOL_CONVERSION = YES;
				CLANG_WARN_COMMA = YES;
				CLANG_WARN_CONSTANT_CONVERSION = YES;
				CLANG_WARN_DEPRECATED_OBJC_IMPLEMENTATIONS = YES;
				CLANG_WARN_DIRECT_OBJC_ISA_USAGE = YES_ERROR;
				CLANG_WARN_DOCUMENTATION_COMMENTS = YES;
				CLANG_WARN_EMPTY_BODY = YES;
				CLANG_WARN_ENUM_CONVERSION = YES;
				CLANG_WARN_INFINITE_RECURSION = YES;
				CLANG_WARN_INT_CONVERSION = YES;
				CLANG_WARN_NON_LITERAL_NULL_CONVERSION = YES;
				CLANG_WARN_OBJC_IMPLICIT_RETAIN_SELF = YES;
				CLANG_WARN_OBJC_LITERAL_CONVERSION = YES;
				CLANG_WARN_OBJC_ROOT_CLASS = YES_ERROR;
				CLANG_WARN_RANGE_LOOP_ANALYSIS = YES;
				CLANG_WARN_STRICT_PROTOTYPES = YES;
				CLANG_WARN_SUSPICIOUS_MOVE = YES;
				CLANG_WARN_UNGUARDED_AVAILABILITY = YES_AGGRESSIVE;
				CLANG_WARN_UNREACHABLE_CODE = YES;
				CLANG_WARN__DUPLICATE_METHOD_MATCH = YES;
				CODE_SIGN_IDENTITY = "Mac Developer";
				COPY_PHASE_STRIP = NO;
				DEBUG_INFORMATION_FORMAT = "dwarf-with-dsym";
				ENABLE_NS_ASSERTIONS = NO;
				ENABLE_STRICT_OBJC_MSGSEND = YES;
				GCC_C_LANGUAGE_STANDARD = gnu11;
				GCC_NO_COMMON_BLOCKS = YES;
				GCC_WARN_64_TO_32_BIT_CONVERSION = YES;
				GCC_WARN_ABOUT_RETURN_TYPE = YES_ERROR;
				GCC_WARN_UNDECLARED_SELECTOR = YES;
				GCC_WARN_UNINITIALIZED_AUTOS = YES_AGGRESSIVE;
				GCC_WARN_UNUSED_FUNCTION = YES;
				GCC_WARN_UNUSED_VARIABLE = YES;
				MACOSX_DEPLOYMENT_TARGET = 10.13;
				MTL_ENABLE_DEBUG_INFO = NO;
				SDKROOT = macosx;
				SWIFT_COMPILATION_MODE = wholemodule;
				SWIFT_OPTIMIZATION_LEVEL = "-O";
			};
			name = Release;
		};
		C0874DD720AED635008EE603 /* Debug */ = {
			isa = XCBuildConfiguration;
			buildSettings = {
				ASSETCATALOG_COMPILER_APPICON_NAME = AppIcon;
				CODE_SIGN_ENTITLEMENTS = "WUR-installation-prototype/WUR_installation_prototype.entitlements";
				CODE_SIGN_STYLE = Automatic;
				COMBINE_HIDPI_IMAGES = YES;
				DEVELOPMENT_TEAM = N2WM6EN8GQ;
				INFOPLIST_FILE = "WUR-installation-prototype/Info.plist";
				LD_RUNPATH_SEARCH_PATHS = (
					"$(inherited)",
					"@executable_path/../Frameworks",
				);
				PRODUCT_BUNDLE_IDENTIFIER = "c.harl.ie.WUR-installation-prototype";
				PRODUCT_NAME = "$(TARGET_NAME)";
				SWIFT_VERSION = 4.0;
			};
			name = Debug;
		};
		C0874DD820AED635008EE603 /* Release */ = {
			isa = XCBuildConfiguration;
			buildSettings = {
				ASSETCATALOG_COMPILER_APPICON_NAME = AppIcon;
				CODE_SIGN_ENTITLEMENTS = "WUR-installation-prototype/WUR_installation_prototype.entitlements";
				CODE_SIGN_STYLE = Automatic;
				COMBINE_HIDPI_IMAGES = YES;
				DEVELOPMENT_TEAM = N2WM6EN8GQ;
				INFOPLIST_FILE = "WUR-installation-prototype/Info.plist";
				LD_RUNPATH_SEARCH_PATHS = (
					"$(inherited)",
					"@executable_path/../Frameworks",
				);
				PRODUCT_BUNDLE_IDENTIFIER = "c.harl.ie.WUR-installation-prototype";
				PRODUCT_NAME = "$(TARGET_NAME)";
				SWIFT_VERSION = 4.0;
			};
			name = Release;
		};
		C0874DDA20AED635008EE603 /* Debug */ = {
			isa = XCBuildConfiguration;
			buildSettings = {
				ALWAYS_EMBED_SWIFT_STANDARD_LIBRARIES = YES;
				BUNDLE_LOADER = "$(TEST_HOST)";
				CODE_SIGN_STYLE = Automatic;
				COMBINE_HIDPI_IMAGES = YES;
				DEVELOPMENT_TEAM = N2WM6EN8GQ;
				INFOPLIST_FILE = "WUR-installation-prototypeTests/Info.plist";
				LD_RUNPATH_SEARCH_PATHS = (
					"$(inherited)",
					"@executable_path/../Frameworks",
					"@loader_path/../Frameworks",
				);
				PRODUCT_BUNDLE_IDENTIFIER = "c.harl.ie.WUR-installation-prototypeTests";
				PRODUCT_NAME = "$(TARGET_NAME)";
				SWIFT_VERSION = 4.0;
				TEST_HOST = "$(BUILT_PRODUCTS_DIR)/WUR-installation-prototype.app/Contents/MacOS/WUR-installation-prototype";
			};
			name = Debug;
		};
		C0874DDB20AED635008EE603 /* Release */ = {
			isa = XCBuildConfiguration;
			buildSettings = {
				ALWAYS_EMBED_SWIFT_STANDARD_LIBRARIES = YES;
				BUNDLE_LOADER = "$(TEST_HOST)";
				CODE_SIGN_STYLE = Automatic;
				COMBINE_HIDPI_IMAGES = YES;
				DEVELOPMENT_TEAM = N2WM6EN8GQ;
				INFOPLIST_FILE = "WUR-installation-prototypeTests/Info.plist";
				LD_RUNPATH_SEARCH_PATHS = (
					"$(inherited)",
					"@executable_path/../Frameworks",
					"@loader_path/../Frameworks",
				);
				PRODUCT_BUNDLE_IDENTIFIER = "c.harl.ie.WUR-installation-prototypeTests";
				PRODUCT_NAME = "$(TARGET_NAME)";
				SWIFT_VERSION = 4.0;
				TEST_HOST = "$(BUILT_PRODUCTS_DIR)/WUR-installation-prototype.app/Contents/MacOS/WUR-installation-prototype";
			};
			name = Release;
		};
/* End XCBuildConfiguration section */

/* Begin XCConfigurationList section */
		C0874DB020AED633008EE603 /* Build configuration list for PBXProject "WUR-installation-prototype" */ = {
			isa = XCConfigurationList;
			buildConfigurations = (
				C0874DD420AED635008EE603 /* Debug */,
				C0874DD520AED635008EE603 /* Release */,
			);
			defaultConfigurationIsVisible = 0;
			defaultConfigurationName = Release;
		};
		C0874DD620AED635008EE603 /* Build configuration list for PBXNativeTarget "WUR-installation-prototype" */ = {
			isa = XCConfigurationList;
			buildConfigurations = (
				C0874DD720AED635008EE603 /* Debug */,
				C0874DD820AED635008EE603 /* Release */,
			);
			defaultConfigurationIsVisible = 0;
			defaultConfigurationName = Release;
		};
		C0874DD920AED635008EE603 /* Build configuration list for PBXNativeTarget "WUR-installation-prototypeTests" */ = {
			isa = XCConfigurationList;
			buildConfigurations = (
				C0874DDA20AED635008EE603 /* Debug */,
				C0874DDB20AED635008EE603 /* Release */,
			);
			defaultConfigurationIsVisible = 0;
			defaultConfigurationName = Release;
		};
/* End XCConfigurationList section */
	};
	rootObject = C0874DAD20AED633008EE603 /* Project object */;
}
